// !$*UTF8*$!
{
	archiveVersion = 1;
	classes = {
	};
	objectVersion = 50;
	objects = {

/* Begin PBXBuildFile section */
		8443D53726C9AB0000F6FC2D /* LoadingView.swift in Sources */ = {isa = PBXBuildFile; fileRef = 8443D53626C9AB0000F6FC2D /* LoadingView.swift */; };
		84A6BA3F26A56812000FA127 /* AppDelegate.swift in Sources */ = {isa = PBXBuildFile; fileRef = 84A6BA3E26A56812000FA127 /* AppDelegate.swift */; };
		84A6BA4126A56812000FA127 /* SceneDelegate.swift in Sources */ = {isa = PBXBuildFile; fileRef = 84A6BA4026A56812000FA127 /* SceneDelegate.swift */; };
		84A6BA4626A56812000FA127 /* Main.storyboard in Resources */ = {isa = PBXBuildFile; fileRef = 84A6BA4426A56812000FA127 /* Main.storyboard */; };
		84A6BA4826A56814000FA127 /* Assets.xcassets in Resources */ = {isa = PBXBuildFile; fileRef = 84A6BA4726A56814000FA127 /* Assets.xcassets */; };
		84A6BA4B26A56814000FA127 /* LaunchScreen.storyboard in Resources */ = {isa = PBXBuildFile; fileRef = 84A6BA4926A56814000FA127 /* LaunchScreen.storyboard */; };
		84A6BA5326A57203000FA127 /* CatImageData.swift in Sources */ = {isa = PBXBuildFile; fileRef = 84A6BA5226A57203000FA127 /* CatImageData.swift */; };
		84A6BA5526A587A6000FA127 /* CollectionViewController.swift in Sources */ = {isa = PBXBuildFile; fileRef = 84A6BA5426A587A6000FA127 /* CollectionViewController.swift */; };
		84A6BA5726A587C1000FA127 /* DetailViewController.swift in Sources */ = {isa = PBXBuildFile; fileRef = 84A6BA5626A587C1000FA127 /* DetailViewController.swift */; };
		84A6BA5B26A589F0000FA127 /* CollectionViewCell.swift in Sources */ = {isa = PBXBuildFile; fileRef = 84A6BA5A26A589F0000FA127 /* CollectionViewCell.swift */; };
		84A6BA6026A58D18000FA127 /* CollectionPresenter.swift in Sources */ = {isa = PBXBuildFile; fileRef = 84A6BA5F26A58D18000FA127 /* CollectionPresenter.swift */; };
/* End PBXBuildFile section */

/* Begin PBXFileReference section */
		8443D53626C9AB0000F6FC2D /* LoadingView.swift */ = {isa = PBXFileReference; lastKnownFileType = sourcecode.swift; path = LoadingView.swift; sourceTree = "<group>"; };
		84A6BA3B26A56812000FA127 /* CatApp.app */ = {isa = PBXFileReference; explicitFileType = wrapper.application; includeInIndex = 0; path = CatApp.app; sourceTree = BUILT_PRODUCTS_DIR; };
		84A6BA3E26A56812000FA127 /* AppDelegate.swift */ = {isa = PBXFileReference; lastKnownFileType = sourcecode.swift; path = AppDelegate.swift; sourceTree = "<group>"; };
		84A6BA4026A56812000FA127 /* SceneDelegate.swift */ = {isa = PBXFileReference; lastKnownFileType = sourcecode.swift; path = SceneDelegate.swift; sourceTree = "<group>"; };
		84A6BA4526A56812000FA127 /* Base */ = {isa = PBXFileReference; lastKnownFileType = file.storyboard; name = Base; path = Base.lproj/Main.storyboard; sourceTree = "<group>"; };
		84A6BA4726A56814000FA127 /* Assets.xcassets */ = {isa = PBXFileReference; lastKnownFileType = folder.assetcatalog; path = Assets.xcassets; sourceTree = "<group>"; };
		84A6BA4A26A56814000FA127 /* Base */ = {isa = PBXFileReference; lastKnownFileType = file.storyboard; name = Base; path = Base.lproj/LaunchScreen.storyboard; sourceTree = "<group>"; };
		84A6BA4C26A56814000FA127 /* Info.plist */ = {isa = PBXFileReference; lastKnownFileType = text.plist.xml; path = Info.plist; sourceTree = "<group>"; };
		84A6BA5226A57203000FA127 /* CatImageData.swift */ = {isa = PBXFileReference; lastKnownFileType = sourcecode.swift; path = CatImageData.swift; sourceTree = "<group>"; };
		84A6BA5426A587A6000FA127 /* CollectionViewController.swift */ = {isa = PBXFileReference; lastKnownFileType = sourcecode.swift; path = CollectionViewController.swift; sourceTree = "<group>"; };
		84A6BA5626A587C1000FA127 /* DetailViewController.swift */ = {isa = PBXFileReference; lastKnownFileType = sourcecode.swift; path = DetailViewController.swift; sourceTree = "<group>"; };
		84A6BA5A26A589F0000FA127 /* CollectionViewCell.swift */ = {isa = PBXFileReference; lastKnownFileType = sourcecode.swift; path = CollectionViewCell.swift; sourceTree = "<group>"; };
		84A6BA5F26A58D18000FA127 /* CollectionPresenter.swift */ = {isa = PBXFileReference; lastKnownFileType = sourcecode.swift; path = CollectionPresenter.swift; sourceTree = "<group>"; };
/* End PBXFileReference section */

/* Begin PBXFrameworksBuildPhase section */
		84A6BA3826A56812000FA127 /* Frameworks */ = {
			isa = PBXFrameworksBuildPhase;
			buildActionMask = 2147483647;
			files = (
			);
			runOnlyForDeploymentPostprocessing = 0;
		};
/* End PBXFrameworksBuildPhase section */

/* Begin PBXGroup section */
		84A6BA3226A56812000FA127 = {
			isa = PBXGroup;
			children = (
				84A6BA3D26A56812000FA127 /* CatApp */,
				84A6BA3C26A56812000FA127 /* Products */,
			);
			sourceTree = "<group>";
		};
		84A6BA3C26A56812000FA127 /* Products */ = {
			isa = PBXGroup;
			children = (
				84A6BA3B26A56812000FA127 /* CatApp.app */,
			);
			name = Products;
			sourceTree = "<group>";
		};
		84A6BA3D26A56812000FA127 /* CatApp */ = {
			isa = PBXGroup;
			children = (
				84A6BA5926A589D1000FA127 /* Models */,
				84A6BA5E26A58A8F000FA127 /* Presenters */,
				84A6BA5826A589C2000FA127 /* Views */,
				84A6BA5C26A589F9000FA127 /* Supporting Files */,
				84A6BA5D26A58A0B000FA127 /* Storyboards */,
				84A6BA4C26A56814000FA127 /* Info.plist */,
			);
			path = CatApp;
			sourceTree = "<group>";
		};
		84A6BA5826A589C2000FA127 /* Views */ = {
			isa = PBXGroup;
			children = (
				84A6BA5A26A589F0000FA127 /* CollectionViewCell.swift */,
				84A6BA5426A587A6000FA127 /* CollectionViewController.swift */,
				84A6BA5626A587C1000FA127 /* DetailViewController.swift */,
				8443D53626C9AB0000F6FC2D /* LoadingView.swift */,
			);
			path = Views;
			sourceTree = "<group>";
		};
		84A6BA5926A589D1000FA127 /* Models */ = {
			isa = PBXGroup;
			children = (
				84A6BA5226A57203000FA127 /* CatImageData.swift */,
			);
			path = Models;
			sourceTree = "<group>";
		};
		84A6BA5C26A589F9000FA127 /* Supporting Files */ = {
			isa = PBXGroup;
			children = (
				84A6BA4726A56814000FA127 /* Assets.xcassets */,
				84A6BA3E26A56812000FA127 /* AppDelegate.swift */,
				84A6BA4026A56812000FA127 /* SceneDelegate.swift */,
			);
			path = "Supporting Files";
			sourceTree = "<group>";
		};
		84A6BA5D26A58A0B000FA127 /* Storyboards */ = {
			isa = PBXGroup;
			children = (
				84A6BA4926A56814000FA127 /* LaunchScreen.storyboard */,
				84A6BA4426A56812000FA127 /* Main.storyboard */,
			);
			path = Storyboards;
			sourceTree = "<group>";
		};
		84A6BA5E26A58A8F000FA127 /* Presenters */ = {
			isa = PBXGroup;
			children = (
				84A6BA5F26A58D18000FA127 /* CollectionPresenter.swift */,
			);
			path = Presenters;
			sourceTree = "<group>";
		};
/* End PBXGroup section */

/* Begin PBXNativeTarget section */
		84A6BA3A26A56812000FA127 /* CatApp */ = {
			isa = PBXNativeTarget;
			buildConfigurationList = 84A6BA4F26A56814000FA127 /* Build configuration list for PBXNativeTarget "CatApp" */;
			buildPhases = (
				84A6BA3726A56812000FA127 /* Sources */,
				84A6BA3826A56812000FA127 /* Frameworks */,
				84A6BA3926A56812000FA127 /* Resources */,
			);
			buildRules = (
			);
			dependencies = (
			);
			name = CatApp;
			productName = CatApp;
			productReference = 84A6BA3B26A56812000FA127 /* CatApp.app */;
			productType = "com.apple.product-type.application";
		};
/* End PBXNativeTarget section */

/* Begin PBXProject section */
		84A6BA3326A56812000FA127 /* Project object */ = {
			isa = PBXProject;
			attributes = {
				LastSwiftUpdateCheck = 1250;
				LastUpgradeCheck = 1250;
				TargetAttributes = {
					84A6BA3A26A56812000FA127 = {
						CreatedOnToolsVersion = 12.5;
					};
				};
			};
			buildConfigurationList = 84A6BA3626A56812000FA127 /* Build configuration list for PBXProject "CatApp" */;
			compatibilityVersion = "Xcode 9.3";
			developmentRegion = en;
			hasScannedForEncodings = 0;
			knownRegions = (
				en,
				Base,
			);
			mainGroup = 84A6BA3226A56812000FA127;
			productRefGroup = 84A6BA3C26A56812000FA127 /* Products */;
			projectDirPath = "";
			projectRoot = "";
			targets = (
				84A6BA3A26A56812000FA127 /* CatApp */,
			);
		};
/* End PBXProject section */

/* Begin PBXResourcesBuildPhase section */
		84A6BA3926A56812000FA127 /* Resources */ = {
			isa = PBXResourcesBuildPhase;
			buildActionMask = 2147483647;
			files = (
				84A6BA4B26A56814000FA127 /* LaunchScreen.storyboard in Resources */,
				84A6BA4826A56814000FA127 /* Assets.xcassets in Resources */,
				84A6BA4626A56812000FA127 /* Main.storyboard in Resources */,
			);
			runOnlyForDeploymentPostprocessing = 0;
		};
/* End PBXResourcesBuildPhase section */

/* Begin PBXSourcesBuildPhase section */
		84A6BA3726A56812000FA127 /* Sources */ = {
			isa = PBXSourcesBuildPhase;
			buildActionMask = 2147483647;
			files = (
				84A6BA5326A57203000FA127 /* CatImageData.swift in Sources */,
				84A6BA6026A58D18000FA127 /* CollectionPresenter.swift in Sources */,
				84A6BA3F26A56812000FA127 /* AppDelegate.swift in Sources */,
				84A6BA5B26A589F0000FA127 /* CollectionViewCell.swift in Sources */,
				84A6BA5726A587C1000FA127 /* DetailViewController.swift in Sources */,
				8443D53726C9AB0000F6FC2D /* LoadingView.swift in Sources */,
				84A6BA4126A56812000FA127 /* SceneDelegate.swift in Sources */,
				84A6BA5526A587A6000FA127 /* CollectionViewController.swift in Sources */,
			);
			runOnlyForDeploymentPostprocessing = 0;
		};
/* End PBXSourcesBuildPhase section */

/* Begin PBXVariantGroup section */
		84A6BA4426A56812000FA127 /* Main.storyboard */ = {
			isa = PBXVariantGroup;
			children = (
				84A6BA4526A56812000FA127 /* Base */,
			);
			name = Main.storyboard;
			sourceTree = "<group>";
		};
		84A6BA4926A56814000FA127 /* LaunchScreen.storyboard */ = {
			isa = PBXVariantGroup;
			children = (
				84A6BA4A26A56814000FA127 /* Base */,
			);
			name = LaunchScreen.storyboard;
			sourceTree = "<group>";
		};
/* End PBXVariantGroup section */

/* Begin XCBuildConfiguration section */
		84A6BA4D26A56814000FA127 /* Debug */ = {
			isa = XCBuildConfiguration;
			buildSettings = {
				ALWAYS_SEARCH_USER_PATHS = NO;
				CLANG_ANALYZER_NONNULL = YES;
				CLANG_ANALYZER_NUMBER_OBJECT_CONVERSION = YES_AGGRESSIVE;
				CLANG_CXX_LANGUAGE_STANDARD = "gnu++14";
				CLANG_CXX_LIBRARY = "libc++";
				CLANG_ENABLE_MODULES = YES;
				CLANG_ENABLE_OBJC_ARC = YES;
				CLANG_ENABLE_OBJC_WEAK = YES;
				CLANG_WARN_BLOCK_CAPTURE_AUTORELEASING = YES;
				CLANG_WARN_BOOL_CONVERSION = YES;
				CLANG_WARN_COMMA = YES;
				CLANG_WARN_CONSTANT_CONVERSION = YES;
				CLANG_WARN_DEPRECATED_OBJC_IMPLEMENTATIONS = YES;
				CLANG_WARN_DIRECT_OBJC_ISA_USAGE = YES_ERROR;
				CLANG_WARN_DOCUMENTATION_COMMENTS = YES;
				CLANG_WARN_EMPTY_BODY = YES;
				CLANG_WARN_ENUM_CONVERSION = YES;
				CLANG_WARN_INFINITE_RECURSION = YES;
				CLANG_WARN_INT_CONVERSION = YES;
				CLANG_WARN_NON_LITERAL_NULL_CONVERSION = YES;
				CLANG_WARN_OBJC_IMPLICIT_RETAIN_SELF = YES;
				CLANG_WARN_OBJC_LITERAL_CONVERSION = YES;
				CLANG_WARN_OBJC_ROOT_CLASS = YES_ERROR;
				CLANG_WARN_QUOTED_INCLUDE_IN_FRAMEWORK_HEADER = YES;
				CLANG_WARN_RANGE_LOOP_ANALYSIS = YES;
				CLANG_WARN_STRICT_PROTOTYPES = YES;
				CLANG_WARN_SUSPICIOUS_MOVE = YES;
				CLANG_WARN_UNGUARDED_AVAILABILITY = YES_AGGRESSIVE;
				CLANG_WARN_UNREACHABLE_CODE = YES;
				CLANG_WARN__DUPLICATE_METHOD_MATCH = YES;
				COPY_PHASE_STRIP = NO;
				DEBUG_INFORMATION_FORMAT = dwarf;
				ENABLE_STRICT_OBJC_MSGSEND = YES;
				ENABLE_TESTABILITY = YES;
				GCC_C_LANGUAGE_STANDARD = gnu11;
				GCC_DYNAMIC_NO_PIC = NO;
				GCC_NO_COMMON_BLOCKS = YES;
				GCC_OPTIMIZATION_LEVEL = 0;
				GCC_PREPROCESSOR_DEFINITIONS = (
					"DEBUG=1",
					"$(inherited)",
				);
				GCC_WARN_64_TO_32_BIT_CONVERSION = YES;
				GCC_WARN_ABOUT_RETURN_TYPE = YES_ERROR;
				GCC_WARN_UNDECLARED_SELECTOR = YES;
				GCC_WARN_UNINITIALIZED_AUTOS = YES_AGGRESSIVE;
				GCC_WARN_UNUSED_FUNCTION = YES;
				GCC_WARN_UNUSED_VARIABLE = YES;
				IPHONEOS_DEPLOYMENT_TARGET = 14.5;
				MTL_ENABLE_DEBUG_INFO = INCLUDE_SOURCE;
				MTL_FAST_MATH = YES;
				ONLY_ACTIVE_ARCH = YES;
				SDKROOT = iphoneos;
				SWIFT_ACTIVE_COMPILATION_CONDITIONS = DEBUG;
				SWIFT_OPTIMIZATION_LEVEL = "-Onone";
			};
			name = Debug;
		};
		84A6BA4E26A56814000FA127 /* Release */ = {
			isa = XCBuildConfiguration;
			buildSettings = {
				ALWAYS_SEARCH_USER_PATHS = NO;
				CLANG_ANALYZER_NONNULL = YES;
				CLANG_ANALYZER_NUMBER_OBJECT_CONVERSION = YES_AGGRESSIVE;
				CLANG_CXX_LANGUAGE_STANDARD = "gnu++14";
				CLANG_CXX_LIBRARY = "libc++";
				CLANG_ENABLE_MODULES = YES;
				CLANG_ENABLE_OBJC_ARC = YES;
				CLANG_ENABLE_OBJC_WEAK = YES;
				CLANG_WARN_BLOCK_CAPTURE_AUTORELEASING = YES;
				CLANG_WARN_BOOL_CONVERSION = YES;
				CLANG_WARN_COMMA = YES;
				CLANG_WARN_CONSTANT_CONVERSION = YES;
				CLANG_WARN_DEPRECATED_OBJC_IMPLEMENTATIONS = YES;
				CLANG_WARN_DIRECT_OBJC_ISA_USAGE = YES_ERROR;
				CLANG_WARN_DOCUMENTATION_COMMENTS = YES;
				CLANG_WARN_EMPTY_BODY = YES;
				CLANG_WARN_ENUM_CONVERSION = YES;
				CLANG_WARN_INFINITE_RECURSION = YES;
				CLANG_WARN_INT_CONVERSION = YES;
				CLANG_WARN_NON_LITERAL_NULL_CONVERSION = YES;
				CLANG_WARN_OBJC_IMPLICIT_RETAIN_SELF = YES;
				CLANG_WARN_OBJC_LITERAL_CONVERSION = YES;
				CLANG_WARN_OBJC_ROOT_CLASS = YES_ERROR;
				CLANG_WARN_QUOTED_INCLUDE_IN_FRAMEWORK_HEADER = YES;
				CLANG_WARN_RANGE_LOOP_ANALYSIS = YES;
				CLANG_WARN_STRICT_PROTOTYPES = YES;
				CLANG_WARN_SUSPICIOUS_MOVE = YES;
				CLANG_WARN_UNGUARDED_AVAILABILITY = YES_AGGRESSIVE;
				CLANG_WARN_UNREACHABLE_CODE = YES;
				CLANG_WARN__DUPLICATE_METHOD_MATCH = YES;
				COPY_PHASE_STRIP = NO;
				DEBUG_INFORMATION_FORMAT = "dwarf-with-dsym";
				ENABLE_NS_ASSERTIONS = NO;
				ENABLE_STRICT_OBJC_MSGSEND = YES;
				GCC_C_LANGUAGE_STANDARD = gnu11;
				GCC_NO_COMMON_BLOCKS = YES;
				GCC_WARN_64_TO_32_BIT_CONVERSION = YES;
				GCC_WARN_ABOUT_RETURN_TYPE = YES_ERROR;
				GCC_WARN_UNDECLARED_SELECTOR = YES;
				GCC_WARN_UNINITIALIZED_AUTOS = YES_AGGRESSIVE;
				GCC_WARN_UNUSED_FUNCTION = YES;
				GCC_WARN_UNUSED_VARIABLE = YES;
				IPHONEOS_DEPLOYMENT_TARGET = 14.5;
				MTL_ENABLE_DEBUG_INFO = NO;
				MTL_FAST_MATH = YES;
				SDKROOT = iphoneos;
				SWIFT_COMPILATION_MODE = wholemodule;
				SWIFT_OPTIMIZATION_LEVEL = "-O";
				VALIDATE_PRODUCT = YES;
			};
			name = Release;
		};
		84A6BA5026A56814000FA127 /* Debug */ = {
			isa = XCBuildConfiguration;
			buildSettings = {
				ASSETCATALOG_COMPILER_APPICON_NAME = AppIcon;
				ASSETCATALOG_COMPILER_GLOBAL_ACCENT_COLOR_NAME = AccentColor;
				CODE_SIGN_STYLE = Automatic;
				DEVELOPMENT_TEAM = MF2BPP2WYA;
				INFOPLIST_FILE = CatApp/Info.plist;
				LD_RUNPATH_SEARCH_PATHS = (
					"$(inherited)",
					"@executable_path/Frameworks",
				);
				PRODUCT_BUNDLE_IDENTIFIER = com.asleepy.CatApp;
				PRODUCT_NAME = "$(TARGET_NAME)";
				SWIFT_VERSION = 5.0;
				TARGETED_DEVICE_FAMILY = "1,2";
			};
			name = Debug;
		};
		84A6BA5126A56814000FA127 /* Release */ = {
			isa = XCBuildConfiguration;
			buildSettings = {
				ASSETCATALOG_COMPILER_APPICON_NAME = AppIcon;
				ASSETCATALOG_COMPILER_GLOBAL_ACCENT_COLOR_NAME = AccentColor;
				CODE_SIGN_STYLE = Automatic;
				DEVELOPMENT_TEAM = MF2BPP2WYA;
				INFOPLIST_FILE = CatApp/Info.plist;
				LD_RUNPATH_SEARCH_PATHS = (
					"$(inherited)",
					"@executable_path/Frameworks",
				);
				PRODUCT_BUNDLE_IDENTIFIER = com.asleepy.CatApp;
				PRODUCT_NAME = "$(TARGET_NAME)";
				SWIFT_VERSION = 5.0;
				TARGETED_DEVICE_FAMILY = "1,2";
			};
			name = Release;
		};
/* End XCBuildConfiguration section */

/* Begin XCConfigurationList section */
		84A6BA3626A56812000FA127 /* Build configuration list for PBXProject "CatApp" */ = {
			isa = XCConfigurationList;
			buildConfigurations = (
				84A6BA4D26A56814000FA127 /* Debug */,
				84A6BA4E26A56814000FA127 /* Release */,
			);
			defaultConfigurationIsVisible = 0;
			defaultConfigurationName = Release;
		};
		84A6BA4F26A56814000FA127 /* Build configuration list for PBXNativeTarget "CatApp" */ = {
			isa = XCConfigurationList;
			buildConfigurations = (
				84A6BA5026A56814000FA127 /* Debug */,
				84A6BA5126A56814000FA127 /* Release */,
			);
			defaultConfigurationIsVisible = 0;
			defaultConfigurationName = Release;
		};
/* End XCConfigurationList section */
	};
	rootObject = 84A6BA3326A56812000FA127 /* Project object */;
}
